github.com/gamemann/Rust-Auto-Wipe v0.0.0-20221209121402-0c7974003762 h1:/TA3wDGdfLDpbYnl8AueYSHxtiyYpIS/XcJDqBHf+UU=
github.com/gamemann/Rust-Auto-Wipe v0.0.0-20221209121402-0c7974003762/go.mod h1:7Imp+iJ5VxWM24Z+fQhY48XMsj6/JmoMzVxGDfuiNaQ=
github.com/robfig/cron/v3 v3.0.0/go.mod h1:eQICP3HwyT7UooqI/z+Ov+PtYAWygg1TEWWzGIFLtro=
